
Microsoft Visual Studio Solution File, Format Version 11.00
# Visual Studio 2010
Project("{FAE04EC0-301F-11D3-BF4B-00C04F79EFBC}") = "MvcApp", "MvcApp\MvcApp.csproj", "{FBC6F8DA-2D02-4C68-AC43-99ACE8F21621}"
EndProject
Global
	GlobalSection(SolutionConfigurationPlatforms) = preSolution
		Debug|Any CPU = Debug|Any CPU
		Release|Any CPU = Release|Any CPU
	EndGlobalSection
	GlobalSection(ProjectConfigurationPlatforms) = postSolution
		{FBC6F8DA-2D02-4C68-AC43-99ACE8F21621}.Debug|Any CPU.ActiveCfg = Debug|Any CPU
		{FBC6F8DA-2D02-4C68-AC43-99ACE8F21621}.Debug|Any CPU.Build.0 = Debug|Any CPU
		{FBC6F8DA-2D02-4C68-AC43-99ACE8F21621}.Release|Any CPU.ActiveCfg = Release|Any CPU
		{FBC6F8DA-2D02-4C68-AC43-99ACE8F21621}.Release|Any CPU.Build.0 = Release|Any CPU
	EndGlobalSection
	GlobalSection(SolutionProperties) = preSolution
		HideSolutionNode = FALSE
	EndGlobalSection
EndGlobal
