
Microsoft Visual Studio Solution File, Format Version 11.00
# Visual Studio 2010
Project("{FAE04EC0-301F-11D3-BF4B-00C04F79EFBC}") = "ControllersAndActions", "ControllersAndActions\ControllersAndActions.csproj", "{B4F19B15-56F1-424F-BF61-46553297626C}"
EndProject
Global
	GlobalSection(SolutionConfigurationPlatforms) = preSolution
		Debug|Any CPU = Debug|Any CPU
		Release|Any CPU = Release|Any CPU
	EndGlobalSection
	GlobalSection(ProjectConfigurationPlatforms) = postSolution
		{B4F19B15-56F1-424F-BF61-46553297626C}.Debug|Any CPU.ActiveCfg = Debug|Any CPU
		{B4F19B15-56F1-424F-BF61-46553297626C}.Debug|Any CPU.Build.0 = Debug|Any CPU
		{B4F19B15-56F1-424F-BF61-46553297626C}.Release|Any CPU.ActiveCfg = Release|Any CPU
		{B4F19B15-56F1-424F-BF61-46553297626C}.Release|Any CPU.Build.0 = Release|Any CPU
	EndGlobalSection
	GlobalSection(SolutionProperties) = preSolution
		HideSolutionNode = FALSE
	EndGlobalSection
EndGlobal
