
Microsoft Visual Studio Solution File, Format Version 11.00
# Visual Studio 2010
Project("{FAE04EC0-301F-11D3-BF4B-00C04F79EFBC}") = "AutoProperties", "AutoProperties\AutoProperties.csproj", "{D10FE2D9-7E30-401F-AE46-60DBBB71CC8A}"
EndProject
Global
	GlobalSection(SolutionConfigurationPlatforms) = preSolution
		Debug|x86 = Debug|x86
		Release|x86 = Release|x86
	EndGlobalSection
	GlobalSection(ProjectConfigurationPlatforms) = postSolution
		{D10FE2D9-7E30-401F-AE46-60DBBB71CC8A}.Debug|x86.ActiveCfg = Debug|x86
		{D10FE2D9-7E30-401F-AE46-60DBBB71CC8A}.Debug|x86.Build.0 = Debug|x86
		{D10FE2D9-7E30-401F-AE46-60DBBB71CC8A}.Release|x86.ActiveCfg = Release|x86
		{D10FE2D9-7E30-401F-AE46-60DBBB71CC8A}.Release|x86.Build.0 = Release|x86
	EndGlobalSection
	GlobalSection(SolutionProperties) = preSolution
		HideSolutionNode = FALSE
	EndGlobalSection
EndGlobal
