
Microsoft Visual Studio Solution File, Format Version 11.00
# Visual Studio 2010
Project("{FAE04EC0-301F-11D3-BF4B-00C04F79EFBC}") = "SportsStore.Domain", "SportsStore.Domain\SportsStore.Domain.csproj", "{0FBD9C8A-5501-49E4-8A96-D3E75B025815}"
EndProject
Project("{FAE04EC0-301F-11D3-BF4B-00C04F79EFBC}") = "SportsStore.WebUI", "SportsStore.WebUI\SportsStore.WebUI.csproj", "{8253A629-B45C-47A9-8288-936C3A9D9A1E}"
EndProject
Project("{FAE04EC0-301F-11D3-BF4B-00C04F79EFBC}") = "SportsStore.UnitTests", "SportsStore.UnitTests\SportsStore.UnitTests.csproj", "{8044E6DD-F550-450C-8933-CD98F3FB85EA}"
EndProject
Project("{2150E333-8FDC-42A3-9474-1A3956D46DE8}") = "Solution Items", "Solution Items", "{521F5DFC-A5C3-4C84-A7C7-846D25CF7368}"
	ProjectSection(SolutionItems) = preProject
		Local.testsettings = Local.testsettings
		SportsStore.vsmdi = SportsStore.vsmdi
		TraceAndTestImpact.testsettings = TraceAndTestImpact.testsettings
	EndProjectSection
EndProject
Global
	GlobalSection(TestCaseManagementSettings) = postSolution
		CategoryFile = SportsStore.vsmdi
	EndGlobalSection
	GlobalSection(SolutionConfigurationPlatforms) = preSolution
		Debug|Any CPU = Debug|Any CPU
		Release|Any CPU = Release|Any CPU
	EndGlobalSection
	GlobalSection(ProjectConfigurationPlatforms) = postSolution
		{0FBD9C8A-5501-49E4-8A96-D3E75B025815}.Debug|Any CPU.ActiveCfg = Debug|Any CPU
		{0FBD9C8A-5501-49E4-8A96-D3E75B025815}.Debug|Any CPU.Build.0 = Debug|Any CPU
		{0FBD9C8A-5501-49E4-8A96-D3E75B025815}.Release|Any CPU.ActiveCfg = Release|Any CPU
		{0FBD9C8A-5501-49E4-8A96-D3E75B025815}.Release|Any CPU.Build.0 = Release|Any CPU
		{8253A629-B45C-47A9-8288-936C3A9D9A1E}.Debug|Any CPU.ActiveCfg = Debug|Any CPU
		{8253A629-B45C-47A9-8288-936C3A9D9A1E}.Debug|Any CPU.Build.0 = Debug|Any CPU
		{8253A629-B45C-47A9-8288-936C3A9D9A1E}.Release|Any CPU.ActiveCfg = Release|Any CPU
		{8253A629-B45C-47A9-8288-936C3A9D9A1E}.Release|Any CPU.Build.0 = Release|Any CPU
		{8044E6DD-F550-450C-8933-CD98F3FB85EA}.Debug|Any CPU.ActiveCfg = Debug|Any CPU
		{8044E6DD-F550-450C-8933-CD98F3FB85EA}.Debug|Any CPU.Build.0 = Debug|Any CPU
		{8044E6DD-F550-450C-8933-CD98F3FB85EA}.Release|Any CPU.ActiveCfg = Release|Any CPU
		{8044E6DD-F550-450C-8933-CD98F3FB85EA}.Release|Any CPU.Build.0 = Release|Any CPU
	EndGlobalSection
	GlobalSection(SolutionProperties) = preSolution
		HideSolutionNode = FALSE
	EndGlobalSection
EndGlobal
