
Microsoft Visual Studio Solution File, Format Version 11.00
# Visual Studio 2010
Project("{FAE04EC0-301F-11D3-BF4B-00C04F79EFBC}") = "MvcApp", "MvcApp\MvcApp.csproj", "{639B610E-F61E-45D6-B7B4-588E63826071}"
EndProject
Global
	GlobalSection(SolutionConfigurationPlatforms) = preSolution
		Debug|Any CPU = Debug|Any CPU
		Release|Any CPU = Release|Any CPU
	EndGlobalSection
	GlobalSection(ProjectConfigurationPlatforms) = postSolution
		{639B610E-F61E-45D6-B7B4-588E63826071}.Debug|Any CPU.ActiveCfg = Debug|Any CPU
		{639B610E-F61E-45D6-B7B4-588E63826071}.Debug|Any CPU.Build.0 = Debug|Any CPU
		{639B610E-F61E-45D6-B7B4-588E63826071}.Release|Any CPU.ActiveCfg = Release|Any CPU
		{639B610E-F61E-45D6-B7B4-588E63826071}.Release|Any CPU.Build.0 = Release|Any CPU
	EndGlobalSection
	GlobalSection(SolutionProperties) = preSolution
		HideSolutionNode = FALSE
	EndGlobalSection
EndGlobal
